
Microsoft Visual Studio Solution File, Format Version 12.00
# Visual Studio 15
VisualStudioVersion = 15.0.26228.4
MinimumVisualStudioVersion = 10.0.40219.1
Project("{9A19103F-16F7-4668-BE54-9A1E7A4F7556}") = "HexEncoding", "HexEncoding\HexEncoding.csproj", "{ECA0C413-A702-4944-86F0-5D834BF14B5A}"
EndProject
Global
	GlobalSection(SolutionConfigurationPlatforms) = preSolution
		Debug|Any CPU = Debug|Any CPU
		Release|Any CPU = Release|Any CPU
	EndGlobalSection
	GlobalSection(ProjectConfigurationPlatforms) = postSolution
		{ECA0C413-A702-4944-86F0-5D834BF14B5A}.Debug|Any CPU.ActiveCfg = Debug|Any CPU
		{ECA0C413-A702-4944-86F0-5D834BF14B5A}.Debug|Any CPU.Build.0 = Debug|Any CPU
		{ECA0C413-A702-4944-86F0-5D834BF14B5A}.Release|Any CPU.ActiveCfg = Release|Any CPU
		{ECA0C413-A702-4944-86F0-5D834BF14B5A}.Release|Any CPU.Build.0 = Release|Any CPU
	EndGlobalSection
	GlobalSection(SolutionProperties) = preSolution
		HideSolutionNode = FALSE
	EndGlobalSection
EndGlobal
